hash: 2b78c762138e66dc3af84bea9f4170910887c4cb9ceef14a017032efcd29307b
updated: 2018-12-23T16:47:04.416676694+08:00
imports:
- name: github.com/beorn7/perks
  version: 3a771d992973f24aa725d07868b467d1ddfceafb
  subpackages:
  - quantile
- name: github.com/BurntSushi/toml
  version: 3012a1dbe2e4bd1391d42b32f0577cb7bbc7f005
- name: github.com/coreos/etcd
  version: 911301993657fc6819ec6e4f2d3307fe9b1b0017
  subpackages:
  - clientv3
  - clientv3/concurrency
  - etcdserver/api/v3rpc/rpctypes
  - mvcc/mvccpb
- name: github.com/coreos/go-systemd
  version: 9002847aa1425fb6ac49077c0a630b3b67e0fbfd
  subpackages:
  - journal
- name: github.com/coreos/pkg
  version: 399ea9e2e55f791b6e3d920860dbecb99c3692f0
  subpackages:
  - capnslog
- name: github.com/cznic/mathutil
  version: 297441e035482346a960053c9ea29669b13e1025
- name: github.com/gogo/protobuf
  version: 4cbf7e384e768b4e01799441fdf2a706a5635ae7
  subpackages:
  - gogoproto
  - proto
  - protoc-gen-gogo/descriptor
- name: github.com/golang/protobuf
  version: 1d3f30b51784bec5aad268e59fd3c2fc1c2fe73f
  subpackages:
  - proto
  - ptypes
  - ptypes/any
  - ptypes/duration
  - ptypes/timestamp
- name: github.com/golang/snappy
  version: 2e65f85255dbc3072edf28d6b5b8efc472979f5a
- name: github.com/google/btree
  version: 4030bb1f1f0c35b30ca7009e9ebd06849dd45306
- name: github.com/google/uuid
  version: 9b3b1e0f5f99ae461456d768e7d301a7acdaa2d8
- name: github.com/grpc-ecosystem/go-grpc-middleware
  version: 3304cc8863525cd0b328fbfd5bf745bbd38e7106
  subpackages:
  - tags
  - tracing/opentracing
  - util/backoffutils
  - util/metautils
- name: github.com/grpc-ecosystem/go-grpc-prometheus
  version: 68e3a13e41175110a447e67246a59873d6aca902
- name: github.com/konsorten/go-windows-terminal-sequences
  version: 5c8c8bd35d3832f5d134ae1e1e375b69a4d25242
- name: github.com/matttproud/golang_protobuf_extensions
  version: c12348ce28de40eed0136aa2b644d0ee0650e56c
  subpackages:
  - pbutil
- name: github.com/opentracing/opentracing-go
  version: 1949ddbfd147afd4d964a9f00b24eb291e0e7c38
  subpackages:
  - ext
  - log
- name: github.com/pingcap/errors
  version: 1176802fff62540cc87d289bd40c52a2d6b2ea16
- name: github.com/pingcap/goleveldb
  version: b9ff6c35079e0b7925a4028005fc2dbc37aec69a
  subpackages:
  - leveldb
  - leveldb/cache
  - leveldb/comparer
  - leveldb/errors
  - leveldb/filter
  - leveldb/iterator
  - leveldb/journal
  - leveldb/memdb
  - leveldb/opt
  - leveldb/storage
  - leveldb/table
  - leveldb/util
- name: github.com/pingcap/kvproto
  version: faa87b5884cad44fa8bc1442f7e0a7283a35ca64
  subpackages:
  - pkg/coprocessor
  - pkg/eraftpb
  - pkg/errorpb
  - pkg/kvrpcpb
  - pkg/metapb
  - pkg/pdpb
  - pkg/raft_serverpb
  - pkg/tikvpb
- name: github.com/pingcap/parser
  version: 651ad7108326d8bc3991288d749bb6c778135216
  subpackages:
  - ast
  - auth
  - charset
  - format
  - model
  - mysql
  - opcode
  - terror
  - types
- name: github.com/pingcap/pd
  version: c2e8d292a061df8b2050220a803acd4d480c02cf
  subpackages:
  - client
- name: github.com/pingcap/tidb
  version: 1e06ccc019b86a67b6bad8a1e9288bd172e645e4
  subpackages:
  - config
  - kv
  - meta
  - meta/autoid
  - metrics
  - owner
  - sessionctx
  - sessionctx/binloginfo
  - sessionctx/stmtctx
  - sessionctx/variable
  - store/tikv
  - store/tikv/latch
  - store/tikv/oracle
  - store/tikv/oracle/oracles
  - store/tikv/tikvrpc
  - structure
  - tablecodec
  - types
  - types/json
  - util
  - util/chunk
  - util/codec
  - util/execdetails
  - util/hack
  - util/kvcache
  - util/logutil
  - util/memory
  - util/timeutil
- name: github.com/pingcap/tidb-tools
  version: b2235d442b06dab55c790fb3810e4c442a0d69db
  subpackages:
  - pkg/etcd
  - pkg/utils
  - tidb-binlog/node
  - tidb-binlog/pump_client
- name: github.com/pingcap/tipb
  version: a7fd2aaa9719b64c2de3f6c6cd7cb235cb701b56
  subpackages:
  - go-binlog
  - go-tipb
  - sharedbytes
- name: github.com/pkg/errors
  version: 645ef00459ed84a119197bfb8d8205042c6df63d
- name: github.com/prometheus/client_golang
  version: 505eaef017263e299324067d40ca2c48f6a2cf50
  subpackages:
  - prometheus
  - prometheus/internal
  - prometheus/promauto
  - prometheus/promhttp
- name: github.com/prometheus/client_model
  version: 5c3871d89910bfb32f5fcab2aa4b9ec68e65a99f
  subpackages:
  - go
- name: github.com/prometheus/common
  version: 67670fe90761d7ff18ec1d640135e53b9198328f
  subpackages:
  - expfmt
  - internal/bitbucket.org/ww/goautoneg
  - model
- name: github.com/prometheus/procfs
  version: 1dc9a6cbc91aacc3e8b2d63db4d2e957a5394ac4
  subpackages:
  - internal/util
  - nfs
  - xfs
- name: github.com/remyoudompheng/bigfft
  version: 52369c62f4463a21c8ff8531194c5526322b8521
- name: github.com/sirupsen/logrus
  version: 2067ea4241cec716fbd0ac90f42f339f963bff92
- name: github.com/spaolacci/murmur3
  version: f09979ecbc725b9e6d41a297405f65e7e8804acc
- name: github.com/twinj/uuid
  version: 7bbe408d339787c56ec15568c947c0959db1b275
- name: github.com/uber/jaeger-client-go
  version: 281650436f3c33cb410576efe2bf9cc1f7772804
  subpackages:
  - config
  - internal/baggage
  - internal/baggage/remote
  - internal/spanlog
  - internal/throttler
  - internal/throttler/remote
  - log
  - rpcmetrics
  - thrift
  - thrift-gen/agent
  - thrift-gen/baggage
  - thrift-gen/jaeger
  - thrift-gen/sampling
  - thrift-gen/zipkincore
  - transport
  - utils
- name: github.com/uber/jaeger-lib
  version: 0e30338a695636fe5bcf7301e8030ce8dd2a8530
  subpackages:
  - metrics
- name: go.etcd.io/etcd
  version: 911301993657fc6819ec6e4f2d3307fe9b1b0017
  subpackages:
  - auth/authpb
  - clientv3
  - clientv3/balancer
  - clientv3/balancer/picker
  - clientv3/balancer/resolver/endpoint
  - etcdserver/api/v3rpc/rpctypes
  - etcdserver/etcdserverpb
  - mvcc/mvccpb
  - pkg/logutil
  - pkg/systemd
  - pkg/types
  - raft
  - raft/raftpb
- name: go.uber.org/atomic
  version: 1ea20fb1cbb1cc08cbd0d913a96dead89aa18289
- name: go.uber.org/multierr
  version: 3c4937480c32f4c13a875a1829af76c98ca3d40a
- name: go.uber.org/zap
  version: ff33455a0e382e8a81d14dd7c922020b6b5e7982
  subpackages:
  - buffer
  - internal/bufferpool
  - internal/color
  - internal/exit
  - zapcore
- name: golang.org/x/crypto
  version: 505ab145d0a99da450461ae2c1a9f6cd10d1f447
  subpackages:
  - ssh/terminal
- name: golang.org/x/net
  version: 927f97764cc334a6575f4b7a1584a147864d5723
  subpackages:
  - context
  - http/httpguts
  - http2
  - http2/hpack
  - idna
  - internal/timeseries
  - trace
- name: golang.org/x/sys
  version: b4a75ba826a64a70990f11a225237acd6ef35c9f
  subpackages:
  - unix
  - windows
- name: golang.org/x/text
  version: 17bcc049122f272a32787ba38073ee47433023e9
  subpackages:
  - encoding
  - encoding/charmap
  - encoding/internal
  - encoding/internal/identifier
  - encoding/japanese
  - encoding/korean
  - encoding/simplifiedchinese
  - encoding/traditionalchinese
  - encoding/unicode
  - internal/utf8internal
  - runes
  - secure/bidirule
  - transform
  - unicode/bidi
  - unicode/norm
- name: google.golang.org/genproto
  version: bd9b4fb69e2ffd37621a6caa54dcbead29b546f2
  subpackages:
  - googleapis/rpc/status
- name: google.golang.org/grpc
  version: 25de51fc024f642d9ac888257b1485939a1d4a14
  subpackages:
  - balancer
  - balancer/base
  - balancer/roundrobin
  - binarylog/grpc_binarylog_v1
  - codes
  - connectivity
  - credentials
  - credentials/internal
  - encoding
  - encoding/proto
  - grpclog
  - health/grpc_health_v1
  - internal
  - internal/backoff
  - internal/binarylog
  - internal/channelz
  - internal/envconfig
  - internal/grpcrand
  - internal/grpcsync
  - internal/syscall
  - internal/transport
  - keepalive
  - metadata
  - naming
  - peer
  - resolver
  - resolver/dns
  - resolver/passthrough
  - stats
  - status
  - tap
- name: gopkg.in/natefinch/lumberjack.v2
  version: a96e63847dc3c67d17befa69c303767e2f84e54f
testImports: []
